
Microsoft Visual Studio Solution File, Format Version 12.00
# Visual Studio Version 16
VisualStudioVersion = 16.0.30413.136
MinimumVisualStudioVersion = 10.0.40219.1
Project("{FAE04EC0-301F-11D3-BF4B-00C04F79EFBC}") = "gRPCServer", "gRPCServer\gRPCServer.csproj", "{B27D0E00-313C-43EB-9EB4-6B6D397DB800}"
EndProject
Global
	GlobalSection(SolutionConfigurationPlatforms) = preSolution
		Debug|Any CPU = Debug|Any CPU
		Release|Any CPU = Release|Any CPU
	EndGlobalSection
	GlobalSection(ProjectConfigurationPlatforms) = postSolution
		{B27D0E00-313C-43EB-9EB4-6B6D397DB800}.Debug|Any CPU.ActiveCfg = Debug|Any CPU
		{B27D0E00-313C-43EB-9EB4-6B6D397DB800}.Debug|Any CPU.Build.0 = Debug|Any CPU
		{B27D0E00-313C-43EB-9EB4-6B6D397DB800}.Release|Any CPU.ActiveCfg = Release|Any CPU
		{B27D0E00-313C-43EB-9EB4-6B6D397DB800}.Release|Any CPU.Build.0 = Release|Any CPU
	EndGlobalSection
	GlobalSection(SolutionProperties) = preSolution
		HideSolutionNode = FALSE
	EndGlobalSection
	GlobalSection(ExtensibilityGlobals) = postSolution
		SolutionGuid = {E23E4D75-F4BF-4C0C-A288-9C047399B134}
	EndGlobalSection
EndGlobal
